# This file is automatically @generated by Poetry 1.6.1 and should not be changed by hand.

[[package]]
name = "asgiref"
version = "3.7.2"
description = "ASGI specs, helper code, and adapters"
optional = false
python-versions = ">=3.7"
files = [
    {file = "asgiref-3.7.2-py3-none-any.whl", hash = "sha256:89b2ef2247e3b562a16eef663bc0e2e703ec6468e2fa8a5cd61cd449786d4f6e"},
    {file = "asgiref-3.7.2.tar.gz", hash = "sha256:9e0ce3aa93a819ba5b45120216b23878cf6e8525eb3848653452b4192b92afed"},
]

[package.extras]
tests = ["mypy (>=0.800)", "pytest", "pytest-asyncio"]

[[package]]
name = "django"
version = "4.2.7"
description = "A high-level Python web framework that encourages rapid development and clean, pragmatic design."
optional = false
python-versions = ">=3.8"
files = [
    {file = "Django-4.2.7-py3-none-any.whl", hash = "sha256:e1d37c51ad26186de355cbcec16613ebdabfa9689bbade9c538835205a8abbe9"},
    {file = "Django-4.2.7.tar.gz", hash = "sha256:8e0f1c2c2786b5c0e39fe1afce24c926040fad47c8ea8ad30aaf1188df29fc41"},
]

[package.dependencies]
asgiref = ">=3.6.0,<4"
sqlparse = ">=0.3.1"
tzdata = {version = "*", markers = "sys_platform == \"win32\""}

[package.extras]
argon2 = ["argon2-cffi (>=19.1.0)"]
bcrypt = ["bcrypt"]

[[package]]
name = "django-rest-framework"
version = "0.1.0"
description = "alias."
optional = false
python-versions = "*"
files = [
    {file = "django-rest-framework-0.1.0.tar.gz", hash = "sha256:47a8f496fa69e3b6bd79f68dd7a1527d907d6b77f009e9db7cf9bb21cc565e4a"},
]

[package.dependencies]
djangorestframework = "*"

[[package]]
name = "djangorestframework"
version = "3.14.0"
description = "Web APIs for Django, made easy."
optional = false
python-versions = ">=3.6"
files = [
    {file = "djangorestframework-3.14.0-py3-none-any.whl", hash = "sha256:eb63f58c9f218e1a7d064d17a70751f528ed4e1d35547fdade9aaf4cd103fd08"},
    {file = "djangorestframework-3.14.0.tar.gz", hash = "sha256:579a333e6256b09489cbe0a067e66abe55c6595d8926be6b99423786334350c8"},
]

[package.dependencies]
django = ">=3.0"
pytz = "*"

[[package]]
name = "djangorestframework-simplejwt"
version = "5.3.0"
description = "A minimal JSON Web Token authentication plugin for Django REST Framework"
optional = false
python-versions = ">=3.7"
files = [
    {file = "djangorestframework_simplejwt-5.3.0-py3-none-any.whl", hash = "sha256:631d7ae2ed4365d7196a35d3cc0f6d382f7bd3361fb24c894f8f92b4da5db27d"},
    {file = "djangorestframework_simplejwt-5.3.0.tar.gz", hash = "sha256:8e4c5dfca8d11c0b8a66dfd8a4e3fc1c6aa7ea188d10907ff91c942f4b52ed66"},
]

[package.dependencies]
django = ">=3.2"
djangorestframework = ">=3.10"
pyjwt = ">=1.7.1,<3"

[package.extras]
crypto = ["cryptography (>=3.3.1)"]
dev = ["Sphinx (>=1.6.5,<2)", "cryptography", "flake8", "ipython", "isort", "pep8", "pytest", "pytest-cov", "pytest-django", "pytest-watch", "pytest-xdist", "python-jose (==3.3.0)", "sphinx-rtd-theme (>=0.1.9)", "tox", "twine", "wheel"]
doc = ["Sphinx (>=1.6.5,<2)", "sphinx-rtd-theme (>=0.1.9)"]
lint = ["flake8", "isort", "pep8"]
python-jose = ["python-jose (==3.3.0)"]
test = ["cryptography", "pytest", "pytest-cov", "pytest-django", "pytest-xdist", "tox"]

[[package]]
name = "psycopg-binary"
version = "3.1.13"
description = "PostgreSQL database adapter for Python -- C optimisation distribution"
optional = false
python-versions = ">=3.7"
files = [
    {file = "psycopg_binary-3.1.13-cp310-cp310-macosx_10_9_x86_64.whl", hash = "sha256:2cebf20e3c63e9fd5bb73a644b1327fed3f9496c394aec559a49f77ac0772fe2"},
    {file = "psycopg_binary-3.1.13-cp310-cp310-macosx_11_0_arm64.whl", hash = "sha256:323e6b2caedcb81a57e7b563d31b7cdb2b12aa29f641c3f4a8d071b96cdfafbe"},
    {file = "psycopg_binary-3.1.13-cp310-cp310-manylinux_2_17_aarch64.manylinux2014_aarch64.whl", hash = "sha256:eac64d6b11e0ea9cadaaa3eda30ac3406c46561b1c482113bbdd7e64446a96e1"},
    {file = "psycopg_binary-3.1.13-cp310-cp310-manylinux_2_17_i686.manylinux2014_i686.whl", hash = "sha256:ae25d20847962f1800dc1d24e8b22876f736ce3076d923db9d902522c21498a8"},
    {file = "psycopg_binary-3.1.13-cp310-cp310-manylinux_2_17_ppc64le.manylinux2014_ppc64le.whl", hash = "sha256:1ed5c7ca4a0b241b4360c90cae961156f0c2a6c2822fb61f68076b928650b523"},
    {file = "psycopg_binary-3.1.13-cp310-cp310-manylinux_2_17_x86_64.manylinux2014_x86_64.whl", hash = "sha256:7104f8e508d02532d2796563ed6c49a47d24935192f1c13a5b54f3cd78f5686a"},
    {file = "psycopg_binary-3.1.13-cp310-cp310-musllinux_1_1_aarch64.whl", hash = "sha256:7b4e12ced8c8be2cd8d164d26c247c43713ba3e8c303a2b6334830bd081ace4b"},
    {file = "psycopg_binary-3.1.13-cp310-cp310-musllinux_1_1_i686.whl", hash = "sha256:31d00c5ad42ec6a7f5365dc2ada0ac1597741e49781aa49a9c0db708a68b07f5"},
    {file = "psycopg_binary-3.1.13-cp310-cp310-musllinux_1_1_ppc64le.whl", hash = "sha256:c574e8e418fc98fcce054e24b3ea274e9ccbcf5310e47db8d5c07834e22bfa15"},
    {file = "psycopg_binary-3.1.13-cp310-cp310-musllinux_1_1_x86_64.whl", hash = "sha256:8adf7af9a92d3b4cb849a79604735512d15fe51497a6b8a9accfe480b656a2a8"},
    {file = "psycopg_binary-3.1.13-cp310-cp310-win_amd64.whl", hash = "sha256:c7cc4a583e279c6aa11aad41c99067e84477debd4501bac08c74539ddcebd4e3"},
    {file = "psycopg_binary-3.1.13-cp311-cp311-macosx_10_9_x86_64.whl", hash = "sha256:770f16be9c0b542ae31c68204b4fb06e1484398a71ca9d9826cf37e6f6aa7973"},
    {file = "psycopg_binary-3.1.13-cp311-cp311-macosx_11_0_arm64.whl", hash = "sha256:d5b82e82ed025ca09449a97323f82db10edf31dc2a96b021b42fcf351cb95b56"},
    {file = "psycopg_binary-3.1.13-cp311-cp311-manylinux_2_17_aarch64.manylinux2014_aarch64.whl", hash = "sha256:95f62d0140b47a71aed55ff52eaae81a134ffc047cffdf73c564aebbc3259b9e"},
    {file = "psycopg_binary-3.1.13-cp311-cp311-manylinux_2_17_i686.manylinux2014_i686.whl", hash = "sha256:4cccc2b2516ed00bfffd3d5eb8d29f0983ae57b1273c026c6a914125d2519be6"},
    {file = "psycopg_binary-3.1.13-cp311-cp311-manylinux_2_17_ppc64le.manylinux2014_ppc64le.whl", hash = "sha256:dbba364e29522d8e073c968f30e67e4018a596270244ebf64ed4e59b759492d6"},
    {file = "psycopg_binary-3.1.13-cp311-cp311-manylinux_2_17_x86_64.manylinux2014_x86_64.whl", hash = "sha256:2aca6b55ef50911a0b05ec71b3ec749487813ac08085f260ad3caccbd7ecbb62"},
    {file = "psycopg_binary-3.1.13-cp311-cp311-musllinux_1_1_aarch64.whl", hash = "sha256:152e01605305aede07fe00eebd5f1f4792452efc13f017ae871e88b2fb8bf562"},
    {file = "psycopg_binary-3.1.13-cp311-cp311-musllinux_1_1_i686.whl", hash = "sha256:d38b5b490e34e9b90e3734a84b546a33c39a69dbd3687d700ca2908c6389cb7f"},
    {file = "psycopg_binary-3.1.13-cp311-cp311-musllinux_1_1_ppc64le.whl", hash = "sha256:5a432c14c9f732345be2dcd94a1287affa562b98ffc6620863181ce15d3e5089"},
    {file = "psycopg_binary-3.1.13-cp311-cp311-musllinux_1_1_x86_64.whl", hash = "sha256:86919233d4293f01e0e00ec449746bd46803624e3bb52dd90831a4f3b2959bd8"},
    {file = "psycopg_binary-3.1.13-cp311-cp311-win_amd64.whl", hash = "sha256:dea1c83d5f77651cb88d4726c1a4a4726d2712454081e016191d566de20def99"},
    {file = "psycopg_binary-3.1.13-cp312-cp312-macosx_10_9_x86_64.whl", hash = "sha256:31db5f96438408a8b61ae487d29a11c4a7730b2e9e0857743ce99595fda1a148"},
    {file = "psycopg_binary-3.1.13-cp312-cp312-macosx_11_0_arm64.whl", hash = "sha256:da6e9b00c058557c5a0ba198f4fb7838863a0f88cafbf65c079c7c2e7d57d753"},
    {file = "psycopg_binary-3.1.13-cp312-cp312-manylinux_2_17_aarch64.manylinux2014_aarch64.whl", hash = "sha256:18f207da55a5b2a5a828e4ea46ff3253bd641f79f45844a42ae981a94181b87c"},
    {file = "psycopg_binary-3.1.13-cp312-cp312-manylinux_2_17_i686.manylinux2014_i686.whl", hash = "sha256:df292c11b66172b61ef16f6dffbf7363cbad873ff8c79a785c49fb237db4e720"},
    {file = "psycopg_binary-3.1.13-cp312-cp312-manylinux_2_17_ppc64le.manylinux2014_ppc64le.whl", hash = "sha256:24866bd53f138d7aff9e88d2e52d6f205d974fe98788cc69d954cde60a76f2f1"},
    {file = "psycopg_binary-3.1.13-cp312-cp312-manylinux_2_17_x86_64.manylinux2014_x86_64.whl", hash = "sha256:a875ec279b8cd34562963cc89f71b290cc0d65c7c1dd9f8ff53679ca52fbec2f"},
    {file = "psycopg_binary-3.1.13-cp312-cp312-musllinux_1_1_aarch64.whl", hash = "sha256:22aa5381db8e499b5a8489e1f6437c5e171eca476f975c138d6413ff15b66cfa"},
    {file = "psycopg_binary-3.1.13-cp312-cp312-musllinux_1_1_i686.whl", hash = "sha256:ed05b5831146d648e43860670b2bc200eaa1bc0a8f744faeb8dd39d4de648bc5"},
    {file = "psycopg_binary-3.1.13-cp312-cp312-musllinux_1_1_ppc64le.whl", hash = "sha256:51e4f98a48ddf41a0634a202e89b08448979b9cc88bd1a74207301b05db4c572"},
    {file = "psycopg_binary-3.1.13-cp312-cp312-musllinux_1_1_x86_64.whl", hash = "sha256:6bf92d298a5fff2477f8dd030fdaad84c8420e03fe76f175675ba3ac44e647f0"},
    {file = "psycopg_binary-3.1.13-cp312-cp312-win_amd64.whl", hash = "sha256:eb49604d27dfe7ea8560f5fdbde667049f961273b64ec1d6c09df4b2c3e83256"},
    {file = "psycopg_binary-3.1.13-cp37-cp37m-macosx_10_9_x86_64.whl", hash = "sha256:e77d6f9df9eb6c7c6ee3123b9cb97b504201d89bb5821314dc22e9f09e30601e"},
    {file = "psycopg_binary-3.1.13-cp37-cp37m-manylinux_2_17_aarch64.manylinux2014_aarch64.whl", hash = "sha256:852fa34c9a6fbb1b984aaa88dc1b42059e7e629582d0e81739c8568be66c4be0"},
    {file = "psycopg_binary-3.1.13-cp37-cp37m-manylinux_2_17_i686.manylinux2014_i686.whl", hash = "sha256:bbdcfe98607f1a9ae988aab817ebb6d27dd689dec928977e093b6b44e840859e"},
    {file = "psycopg_binary-3.1.13-cp37-cp37m-manylinux_2_17_ppc64le.manylinux2014_ppc64le.whl", hash = "sha256:963887516c8739ace8a69504d03c8c3b9a22e7194c42a0912031d1ac93cd3869"},
    {file = "psycopg_binary-3.1.13-cp37-cp37m-manylinux_2_17_x86_64.manylinux2014_x86_64.whl", hash = "sha256:9b022d2dcab5e2323b6268aa1db452c634e6f0d5ea9ec9a671b47f32e77b4ca2"},
    {file = "psycopg_binary-3.1.13-cp37-cp37m-musllinux_1_1_aarch64.whl", hash = "sha256:f6c6bff712d9e1a103cc23fc2c89833a69ed049261e390cadb68d2d42edeedea"},
    {file = "psycopg_binary-3.1.13-cp37-cp37m-musllinux_1_1_i686.whl", hash = "sha256:ae041fbdacd65d6cd9112980215111327dab1376b9a4a643c0a805758d907e7a"},
    {file = "psycopg_binary-3.1.13-cp37-cp37m-musllinux_1_1_ppc64le.whl", hash = "sha256:af6d9892fe107d9a8068fb89041d89191115693ee71613397b019547e003282d"},
    {file = "psycopg_binary-3.1.13-cp37-cp37m-musllinux_1_1_x86_64.whl", hash = "sha256:296c24fe09ef5561aa5fed06a1a06753a1a17b2f3a908bcf6a5ad78575ab5ce5"},
    {file = "psycopg_binary-3.1.13-cp37-cp37m-win_amd64.whl", hash = "sha256:8a8c778b299626827400ea9ebfb962f2bff048bfa16aeffa2c4bc9d79d84a1cf"},
    {file = "psycopg_binary-3.1.13-cp38-cp38-macosx_10_9_x86_64.whl", hash = "sha256:4d6f3bf6a6ac319c8660c44b22bc63e5bba9085ec7e04b171ceec9bb047ed20f"},
    {file = "psycopg_binary-3.1.13-cp38-cp38-macosx_11_0_arm64.whl", hash = "sha256:44cb86654e0759de040dde495cd6bfe6b5f98b4f94c441f5fcbbdda371c62073"},
    {file = "psycopg_binary-3.1.13-cp38-cp38-manylinux_2_17_aarch64.manylinux2014_aarch64.whl", hash = "sha256:ace2606984c0489a18e9dc455acceb8af1eed64c4afc7db4e7a46f4f77734db2"},
    {file = "psycopg_binary-3.1.13-cp38-cp38-manylinux_2_17_i686.manylinux2014_i686.whl", hash = "sha256:c24927f5442eeb8ab42090c2882ec9208762bb8d7ae999c4916d55d36a68ee00"},
    {file = "psycopg_binary-3.1.13-cp38-cp38-manylinux_2_17_ppc64le.manylinux2014_ppc64le.whl", hash = "sha256:84d01ad4594d05ffb374b56be0331bc3bd8525db07e4e18f70ed8a73e45e4a13"},
    {file = "psycopg_binary-3.1.13-cp38-cp38-manylinux_2_17_x86_64.manylinux2014_x86_64.whl", hash = "sha256:a996e64c4cb61b49432ee81e7486ec94aa1fe369629b88e0dddbe03b76cdc7fb"},
    {file = "psycopg_binary-3.1.13-cp38-cp38-musllinux_1_1_aarch64.whl", hash = "sha256:af37704f0086da8ba3ab724ae770902fed09f25efc94979d38fc73857dfd2ea3"},
    {file = "psycopg_binary-3.1.13-cp38-cp38-musllinux_1_1_i686.whl", hash = "sha256:00e7c7bfa1d4bc9a31ed5da59bc402f29d14cc3156c08a5549998ef74fc54128"},
    {file = "psycopg_binary-3.1.13-cp38-cp38-musllinux_1_1_ppc64le.whl", hash = "sha256:52fa599635789d5a093525d7ac268f00910bae93bb6d896b5d9ad36e87c1b60e"},
    {file = "psycopg_binary-3.1.13-cp38-cp38-musllinux_1_1_x86_64.whl", hash = "sha256:da972ac7d62ee758e8da626d4b7626a13488ed9c0165574e745a02868793f636"},
    {file = "psycopg_binary-3.1.13-cp38-cp38-win_amd64.whl", hash = "sha256:420314039fb004e3459d02430024673984bc098e9fccc17d4c9597cfb9b5ea84"},
    {file = "psycopg_binary-3.1.13-cp39-cp39-macosx_10_9_x86_64.whl", hash = "sha256:4c8cfc2ec46a732912acd9402666d52adcf97205dd7fda984602d46fa51b7199"},
    {file = "psycopg_binary-3.1.13-cp39-cp39-macosx_11_0_arm64.whl", hash = "sha256:535f6c77ef1a4f309fafd13fc910f2138befa0855a1e12979cd838ae54e27dda"},
    {file = "psycopg_binary-3.1.13-cp39-cp39-manylinux_2_17_aarch64.manylinux2014_aarch64.whl", hash = "sha256:f500db8566f69ff81275640132ae96b7c4654c623de4ee29a0d0762b1d68086f"},
    {file = "psycopg_binary-3.1.13-cp39-cp39-manylinux_2_17_i686.manylinux2014_i686.whl", hash = "sha256:5056e5025f6b2733f0ae913029743f40625bda354cd0b0bd00d4e5b04489bbf1"},
    {file = "psycopg_binary-3.1.13-cp39-cp39-manylinux_2_17_ppc64le.manylinux2014_ppc64le.whl", hash = "sha256:a19b69b71e0dadf0a1ee3701eb580e01dd6bfc67c5f017fefb4b039035cd666e"},
    {file = "psycopg_binary-3.1.13-cp39-cp39-manylinux_2_17_x86_64.manylinux2014_x86_64.whl", hash = "sha256:29bbf26240eaf51bc950f3746c7924e9e0d181368c4967602aea75a5a091f8a6"},
    {file = "psycopg_binary-3.1.13-cp39-cp39-musllinux_1_1_aarch64.whl", hash = "sha256:722512f354453134c29df781ed717a79a953a1f2742e6388aa0cd0ba18e1c796"},
    {file = "psycopg_binary-3.1.13-cp39-cp39-musllinux_1_1_i686.whl", hash = "sha256:0ab0b9118f5ba650d6aefd0d4dcbfbd36dfb415f0022a5f413d69b934a31a8a8"},
    {file = "psycopg_binary-3.1.13-cp39-cp39-musllinux_1_1_ppc64le.whl", hash = "sha256:ad4e691483fb7b88dde237c7c7e9691322e7ceccd35f23f4b27e6214b1ef22ae"},
    {file = "psycopg_binary-3.1.13-cp39-cp39-musllinux_1_1_x86_64.whl", hash = "sha256:6a9545c5c9ccbb6ba0c45deb28f4626aade88a8ace36260324b7673965e7df64"},
    {file = "psycopg_binary-3.1.13-cp39-cp39-win_amd64.whl", hash = "sha256:cd9550cfaf47db9eb44207278b9d418de0076df87cf3a2ea99bc123bd8d379c7"},
]

[[package]]
name = "psycopg2"
version = "2.9.9"
description = "psycopg2 - Python-PostgreSQL Database Adapter"
optional = false
python-versions = ">=3.7"
files = [
    {file = "psycopg2-2.9.9-cp310-cp310-win32.whl", hash = "sha256:38a8dcc6856f569068b47de286b472b7c473ac7977243593a288ebce0dc89516"},
    {file = "psycopg2-2.9.9-cp310-cp310-win_amd64.whl", hash = "sha256:426f9f29bde126913a20a96ff8ce7d73fd8a216cfb323b1f04da402d452853c3"},
    {file = "psycopg2-2.9.9-cp311-cp311-win32.whl", hash = "sha256:ade01303ccf7ae12c356a5e10911c9e1c51136003a9a1d92f7aa9d010fb98372"},
    {file = "psycopg2-2.9.9-cp311-cp311-win_amd64.whl", hash = "sha256:121081ea2e76729acfb0673ff33755e8703d45e926e416cb59bae3a86c6a4981"},
    {file = "psycopg2-2.9.9-cp37-cp37m-win32.whl", hash = "sha256:5e0d98cade4f0e0304d7d6f25bbfbc5bd186e07b38eac65379309c4ca3193efa"},
    {file = "psycopg2-2.9.9-cp37-cp37m-win_amd64.whl", hash = "sha256:7e2dacf8b009a1c1e843b5213a87f7c544b2b042476ed7755be813eaf4e8347a"},
    {file = "psycopg2-2.9.9-cp38-cp38-win32.whl", hash = "sha256:ff432630e510709564c01dafdbe996cb552e0b9f3f065eb89bdce5bd31fabf4c"},
    {file = "psycopg2-2.9.9-cp38-cp38-win_amd64.whl", hash = "sha256:bac58c024c9922c23550af2a581998624d6e02350f4ae9c5f0bc642c633a2d5e"},
    {file = "psycopg2-2.9.9-cp39-cp39-win32.whl", hash = "sha256:c92811b2d4c9b6ea0285942b2e7cac98a59e166d59c588fe5cfe1eda58e72d59"},
    {file = "psycopg2-2.9.9-cp39-cp39-win_amd64.whl", hash = "sha256:de80739447af31525feddeb8effd640782cf5998e1a4e9192ebdf829717e3913"},
    {file = "psycopg2-2.9.9.tar.gz", hash = "sha256:d1454bde93fb1e224166811694d600e746430c006fbb031ea06ecc2ea41bf156"},
]

[[package]]
name = "pyjwt"
version = "2.8.0"
description = "JSON Web Token implementation in Python"
optional = false
python-versions = ">=3.7"
files = [
    {file = "PyJWT-2.8.0-py3-none-any.whl", hash = "sha256:59127c392cc44c2da5bb3192169a91f429924e17aff6534d70fdc02ab3e04320"},
    {file = "PyJWT-2.8.0.tar.gz", hash = "sha256:57e28d156e3d5c10088e0c68abb90bfac3df82b40a71bd0daa20c65ccd5c23de"},
]

[package.extras]
crypto = ["cryptography (>=3.4.0)"]
dev = ["coverage[toml] (==5.0.4)", "cryptography (>=3.4.0)", "pre-commit", "pytest (>=6.0.0,<7.0.0)", "sphinx (>=4.5.0,<5.0.0)", "sphinx-rtd-theme", "zope.interface"]
docs = ["sphinx (>=4.5.0,<5.0.0)", "sphinx-rtd-theme", "zope.interface"]
tests = ["coverage[toml] (==5.0.4)", "pytest (>=6.0.0,<7.0.0)"]

[[package]]
name = "python-dotenv"
version = "1.0.0"
description = "Read key-value pairs from a .env file and set them as environment variables"
optional = false
python-versions = ">=3.8"
files = [
    {file = "python-dotenv-1.0.0.tar.gz", hash = "sha256:a8df96034aae6d2d50a4ebe8216326c61c3eb64836776504fcca410e5937a3ba"},
    {file = "python_dotenv-1.0.0-py3-none-any.whl", hash = "sha256:f5971a9226b701070a4bf2c38c89e5a3f0d64de8debda981d1db98583009122a"},
]

[package.extras]
cli = ["click (>=5.0)"]

[[package]]
name = "pytz"
version = "2023.3.post1"
description = "World timezone definitions, modern and historical"
optional = false
python-versions = "*"
files = [
    {file = "pytz-2023.3.post1-py2.py3-none-any.whl", hash = "sha256:ce42d816b81b68506614c11e8937d3aa9e41007ceb50bfdcb0749b921bf646c7"},
    {file = "pytz-2023.3.post1.tar.gz", hash = "sha256:7b4fddbeb94a1eba4b557da24f19fdf9db575192544270a9101d8509f9f43d7b"},
]

[[package]]
name = "sqlparse"
version = "0.4.4"
description = "A non-validating SQL parser."
optional = false
python-versions = ">=3.5"
files = [
    {file = "sqlparse-0.4.4-py3-none-any.whl", hash = "sha256:5430a4fe2ac7d0f93e66f1efc6e1338a41884b7ddf2a350cedd20ccc4d9d28f3"},
    {file = "sqlparse-0.4.4.tar.gz", hash = "sha256:d446183e84b8349fa3061f0fe7f06ca94ba65b426946ffebe6e3e8295332420c"},
]

[package.extras]
dev = ["build", "flake8"]
doc = ["sphinx"]
test = ["pytest", "pytest-cov"]

[[package]]
name = "tzdata"
version = "2023.3"
description = "Provider of IANA time zone data"
optional = false
python-versions = ">=2"
files = [
    {file = "tzdata-2023.3-py2.py3-none-any.whl", hash = "sha256:7e65763eef3120314099b6939b5546db7adce1e7d6f2e179e3df563c70511eda"},
    {file = "tzdata-2023.3.tar.gz", hash = "sha256:11ef1e08e54acb0d4f95bdb1be05da659673de4acbd21bf9c69e94cc5e907a3a"},
]

[metadata]
lock-version = "2.0"
python-versions = "^3.11"
content-hash = "59958f504cf92b0061628969ce12cc7ab70477cc59225a39fd2bb32c14dbe25a"
